
Microsoft Visual Studio Solution File, Format Version 12.00
# Visual Studio Version 17
VisualStudioVersion = 17.7.34024.191
MinimumVisualStudioVersion = 10.0.40219.1
Project("{FAE04EC0-301F-11D3-BF4B-00C04F79EFBC}") = "Generic_Collection", "Generic_Collection.csproj", "{755717F9-8016-4486-8A88-336F872D1F44}"
EndProject
Global
	GlobalSection(SolutionConfigurationPlatforms) = preSolution
		Debug|Any CPU = Debug|Any CPU
		Release|Any CPU = Release|Any CPU
	EndGlobalSection
	GlobalSection(ProjectConfigurationPlatforms) = postSolution
		{755717F9-8016-4486-8A88-336F872D1F44}.Debug|Any CPU.ActiveCfg = Debug|Any CPU
		{755717F9-8016-4486-8A88-336F872D1F44}.Debug|Any CPU.Build.0 = Debug|Any CPU
		{755717F9-8016-4486-8A88-336F872D1F44}.Release|Any CPU.ActiveCfg = Release|Any CPU
		{755717F9-8016-4486-8A88-336F872D1F44}.Release|Any CPU.Build.0 = Release|Any CPU
	EndGlobalSection
	GlobalSection(SolutionProperties) = preSolution
		HideSolutionNode = FALSE
	EndGlobalSection
	GlobalSection(ExtensibilityGlobals) = postSolution
		SolutionGuid = {E9AF731E-F652-4553-949D-1AD8ED7B875B}
	EndGlobalSection
EndGlobal
