
Microsoft Visual Studio Solution File, Format Version 12.00
# Visual Studio Version 16
VisualStudioVersion = 16.0.33423.256
MinimumVisualStudioVersion = 10.0.40219.1
Project("{FAE04EC0-301F-11D3-BF4B-00C04F79EFBC}") = "donguler-while-foreach", "donguler-while-foreach\donguler-while-foreach.csproj", "{7AFDBF9A-3E4D-4879-863F-2D4584828C3B}"
EndProject
Global
	GlobalSection(SolutionConfigurationPlatforms) = preSolution
		Debug|Any CPU = Debug|Any CPU
		Release|Any CPU = Release|Any CPU
	EndGlobalSection
	GlobalSection(ProjectConfigurationPlatforms) = postSolution
		{7AFDBF9A-3E4D-4879-863F-2D4584828C3B}.Debug|Any CPU.ActiveCfg = Debug|Any CPU
		{7AFDBF9A-3E4D-4879-863F-2D4584828C3B}.Debug|Any CPU.Build.0 = Debug|Any CPU
		{7AFDBF9A-3E4D-4879-863F-2D4584828C3B}.Release|Any CPU.ActiveCfg = Release|Any CPU
		{7AFDBF9A-3E4D-4879-863F-2D4584828C3B}.Release|Any CPU.Build.0 = Release|Any CPU
	EndGlobalSection
	GlobalSection(SolutionProperties) = preSolution
		HideSolutionNode = FALSE
	EndGlobalSection
	GlobalSection(ExtensibilityGlobals) = postSolution
		SolutionGuid = {B8D44AC9-8CA5-4D71-9E4A-83ABB89E5D53}
	EndGlobalSection
EndGlobal
