
Microsoft Visual Studio Solution File, Format Version 12.00
# Visual Studio Version 17
VisualStudioVersion = 17.7.34024.191
MinimumVisualStudioVersion = 10.0.40219.1
Project("{FAE04EC0-301F-11D3-BF4B-00C04F79EFBC}") = "Datetime_Math_Class", "Datetime_Math_Class.csproj", "{D8F1AB93-31E6-473A-BDE4-626A143700EC}"
EndProject
Global
	GlobalSection(SolutionConfigurationPlatforms) = preSolution
		Debug|Any CPU = Debug|Any CPU
		Release|Any CPU = Release|Any CPU
	EndGlobalSection
	GlobalSection(ProjectConfigurationPlatforms) = postSolution
		{D8F1AB93-31E6-473A-BDE4-626A143700EC}.Debug|Any CPU.ActiveCfg = Debug|Any CPU
		{D8F1AB93-31E6-473A-BDE4-626A143700EC}.Debug|Any CPU.Build.0 = Debug|Any CPU
		{D8F1AB93-31E6-473A-BDE4-626A143700EC}.Release|Any CPU.ActiveCfg = Release|Any CPU
		{D8F1AB93-31E6-473A-BDE4-626A143700EC}.Release|Any CPU.Build.0 = Release|Any CPU
	EndGlobalSection
	GlobalSection(SolutionProperties) = preSolution
		HideSolutionNode = FALSE
	EndGlobalSection
	GlobalSection(ExtensibilityGlobals) = postSolution
		SolutionGuid = {6E482A10-00E8-44F7-B2A9-E0500B8A29D5}
	EndGlobalSection
EndGlobal
