
Microsoft Visual Studio Solution File, Format Version 12.00
# Visual Studio Version 16
VisualStudioVersion = 16.0.33423.256
MinimumVisualStudioVersion = 10.0.40219.1
Project("{FAE04EC0-301F-11D3-BF4B-00C04F79EFBC}") = "Tip-dönüşümü", "Tip-dönüşümü\Tip-dönüşümü.csproj", "{D3117125-EF5F-4C8C-88F5-8489B3B1C964}"
EndProject
Global
	GlobalSection(SolutionConfigurationPlatforms) = preSolution
		Debug|Any CPU = Debug|Any CPU
		Release|Any CPU = Release|Any CPU
	EndGlobalSection
	GlobalSection(ProjectConfigurationPlatforms) = postSolution
		{D3117125-EF5F-4C8C-88F5-8489B3B1C964}.Debug|Any CPU.ActiveCfg = Debug|Any CPU
		{D3117125-EF5F-4C8C-88F5-8489B3B1C964}.Debug|Any CPU.Build.0 = Debug|Any CPU
		{D3117125-EF5F-4C8C-88F5-8489B3B1C964}.Release|Any CPU.ActiveCfg = Release|Any CPU
		{D3117125-EF5F-4C8C-88F5-8489B3B1C964}.Release|Any CPU.Build.0 = Release|Any CPU
	EndGlobalSection
	GlobalSection(SolutionProperties) = preSolution
		HideSolutionNode = FALSE
	EndGlobalSection
	GlobalSection(ExtensibilityGlobals) = postSolution
		SolutionGuid = {09F6FB6F-8EF0-4737-8FB6-17B06CE85121}
	EndGlobalSection
EndGlobal
