
Microsoft Visual Studio Solution File, Format Version 12.00
# Visual Studio Version 17
VisualStudioVersion = 17.7.34024.191
MinimumVisualStudioVersion = 10.0.40219.1
Project("{FAE04EC0-301F-11D3-BF4B-00C04F79EFBC}") = "Algorithm_Q2", "Algorithm_Q2.csproj", "{E558F440-99B5-4157-B6FC-AB5EBB0794EE}"
EndProject
Global
	GlobalSection(SolutionConfigurationPlatforms) = preSolution
		Debug|Any CPU = Debug|Any CPU
		Release|Any CPU = Release|Any CPU
	EndGlobalSection
	GlobalSection(ProjectConfigurationPlatforms) = postSolution
		{E558F440-99B5-4157-B6FC-AB5EBB0794EE}.Debug|Any CPU.ActiveCfg = Debug|Any CPU
		{E558F440-99B5-4157-B6FC-AB5EBB0794EE}.Debug|Any CPU.Build.0 = Debug|Any CPU
		{E558F440-99B5-4157-B6FC-AB5EBB0794EE}.Release|Any CPU.ActiveCfg = Release|Any CPU
		{E558F440-99B5-4157-B6FC-AB5EBB0794EE}.Release|Any CPU.Build.0 = Release|Any CPU
	EndGlobalSection
	GlobalSection(SolutionProperties) = preSolution
		HideSolutionNode = FALSE
	EndGlobalSection
	GlobalSection(ExtensibilityGlobals) = postSolution
		SolutionGuid = {332006B4-A76F-486E-B92F-0D4CF590A93E}
	EndGlobalSection
EndGlobal
