
Microsoft Visual Studio Solution File, Format Version 12.00
# Visual Studio Version 17
VisualStudioVersion = 17.7.34024.191
MinimumVisualStudioVersion = 10.0.40219.1
Project("{FAE04EC0-301F-11D3-BF4B-00C04F79EFBC}") = "Algorithn_Q3", "Algorithn_Q3.csproj", "{7A64A1F7-C582-4122-862D-E4EE0DDBF844}"
EndProject
Global
	GlobalSection(SolutionConfigurationPlatforms) = preSolution
		Debug|Any CPU = Debug|Any CPU
		Release|Any CPU = Release|Any CPU
	EndGlobalSection
	GlobalSection(ProjectConfigurationPlatforms) = postSolution
		{7A64A1F7-C582-4122-862D-E4EE0DDBF844}.Debug|Any CPU.ActiveCfg = Debug|Any CPU
		{7A64A1F7-C582-4122-862D-E4EE0DDBF844}.Debug|Any CPU.Build.0 = Debug|Any CPU
		{7A64A1F7-C582-4122-862D-E4EE0DDBF844}.Release|Any CPU.ActiveCfg = Release|Any CPU
		{7A64A1F7-C582-4122-862D-E4EE0DDBF844}.Release|Any CPU.Build.0 = Release|Any CPU
	EndGlobalSection
	GlobalSection(SolutionProperties) = preSolution
		HideSolutionNode = FALSE
	EndGlobalSection
	GlobalSection(ExtensibilityGlobals) = postSolution
		SolutionGuid = {EEABCE05-6F4D-48AD-BE39-239F371D491F}
	EndGlobalSection
EndGlobal
