
Microsoft Visual Studio Solution File, Format Version 12.00
# Visual Studio Version 16
VisualStudioVersion = 16.0.33423.256
MinimumVisualStudioVersion = 10.0.40219.1
Project("{FAE04EC0-301F-11D3-BF4B-00C04F79EFBC}") = "Array_Class_Methods", "Array_Class_Methods\Array_Class_Methods.csproj", "{60CF700B-2A4E-4A6C-A5DD-42B3C3CED031}"
EndProject
Global
	GlobalSection(SolutionConfigurationPlatforms) = preSolution
		Debug|Any CPU = Debug|Any CPU
		Release|Any CPU = Release|Any CPU
	EndGlobalSection
	GlobalSection(ProjectConfigurationPlatforms) = postSolution
		{60CF700B-2A4E-4A6C-A5DD-42B3C3CED031}.Debug|Any CPU.ActiveCfg = Debug|Any CPU
		{60CF700B-2A4E-4A6C-A5DD-42B3C3CED031}.Debug|Any CPU.Build.0 = Debug|Any CPU
		{60CF700B-2A4E-4A6C-A5DD-42B3C3CED031}.Release|Any CPU.ActiveCfg = Release|Any CPU
		{60CF700B-2A4E-4A6C-A5DD-42B3C3CED031}.Release|Any CPU.Build.0 = Release|Any CPU
	EndGlobalSection
	GlobalSection(SolutionProperties) = preSolution
		HideSolutionNode = FALSE
	EndGlobalSection
	GlobalSection(ExtensibilityGlobals) = postSolution
		SolutionGuid = {A9CF2B0F-E96B-4F45-9D38-21B15A0FE325}
	EndGlobalSection
EndGlobal
