
Microsoft Visual Studio Solution File, Format Version 12.00
# Visual Studio Version 17
VisualStudioVersion = 17.7.34024.191
MinimumVisualStudioVersion = 10.0.40219.1
Project("{FAE04EC0-301F-11D3-BF4B-00C04F79EFBC}") = "Strings_Methods", "Strings_Methods.csproj", "{3160D94F-3F40-4D2D-92B8-3E2F4C5053BC}"
EndProject
Global
	GlobalSection(SolutionConfigurationPlatforms) = preSolution
		Debug|Any CPU = Debug|Any CPU
		Release|Any CPU = Release|Any CPU
	EndGlobalSection
	GlobalSection(ProjectConfigurationPlatforms) = postSolution
		{3160D94F-3F40-4D2D-92B8-3E2F4C5053BC}.Debug|Any CPU.ActiveCfg = Debug|Any CPU
		{3160D94F-3F40-4D2D-92B8-3E2F4C5053BC}.Debug|Any CPU.Build.0 = Debug|Any CPU
		{3160D94F-3F40-4D2D-92B8-3E2F4C5053BC}.Release|Any CPU.ActiveCfg = Release|Any CPU
		{3160D94F-3F40-4D2D-92B8-3E2F4C5053BC}.Release|Any CPU.Build.0 = Release|Any CPU
	EndGlobalSection
	GlobalSection(SolutionProperties) = preSolution
		HideSolutionNode = FALSE
	EndGlobalSection
	GlobalSection(ExtensibilityGlobals) = postSolution
		SolutionGuid = {ACED5388-704C-4CE9-BA64-22F25E43843F}
	EndGlobalSection
EndGlobal
